
Microsoft Visual Studio Solution File, Format Version 12.00
# Visual Studio Version 17
VisualStudioVersion = 17.7.34031.279
MinimumVisualStudioVersion = 10.0.40219.1
Project("{FAE04EC0-301F-11D3-BF4B-00C04F79EFBC}") = "GorillaOS", "GorillaOS\GorillaOS.csproj", "{7514F80E-A73F-4709-97F2-7688A4C9040D}"
EndProject
Global
	GlobalSection(SolutionConfigurationPlatforms) = preSolution
		Debug|Any CPU = Debug|Any CPU
		Release|Any CPU = Release|Any CPU
	EndGlobalSection
	GlobalSection(ProjectConfigurationPlatforms) = postSolution
		{7514F80E-A73F-4709-97F2-7688A4C9040D}.Debug|Any CPU.ActiveCfg = Debug|Any CPU
		{7514F80E-A73F-4709-97F2-7688A4C9040D}.Debug|Any CPU.Build.0 = Debug|Any CPU
		{7514F80E-A73F-4709-97F2-7688A4C9040D}.Release|Any CPU.ActiveCfg = Release|Any CPU
		{7514F80E-A73F-4709-97F2-7688A4C9040D}.Release|Any CPU.Build.0 = Release|Any CPU
	EndGlobalSection
	GlobalSection(SolutionProperties) = preSolution
		HideSolutionNode = FALSE
	EndGlobalSection
	GlobalSection(ExtensibilityGlobals) = postSolution
		SolutionGuid = {08685961-486E-48D0-9E8D-7E693689FB3A}
	EndGlobalSection
EndGlobal
